
Microsoft Visual Studio Solution File, Format Version 12.00
# Visual Studio Version 16
VisualStudioVersion = 16.0.31205.134
MinimumVisualStudioVersion = 10.0.40219.1
Project("{FAE04EC0-301F-11D3-BF4B-00C04F79EFBC}") = "Products Management", "Products Management.csproj", "{DDDF521E-13E0-43DA-BD68-6780317FC455}"
EndProject
Global
	GlobalSection(SolutionConfigurationPlatforms) = preSolution
		Debug|Any CPU = Debug|Any CPU
		Release|Any CPU = Release|Any CPU
	EndGlobalSection
	GlobalSection(ProjectConfigurationPlatforms) = postSolution
		{DDDF521E-13E0-43DA-BD68-6780317FC455}.Debug|Any CPU.ActiveCfg = Debug|Any CPU
		{DDDF521E-13E0-43DA-BD68-6780317FC455}.Debug|Any CPU.Build.0 = Debug|Any CPU
		{DDDF521E-13E0-43DA-BD68-6780317FC455}.Release|Any CPU.ActiveCfg = Release|Any CPU
		{DDDF521E-13E0-43DA-BD68-6780317FC455}.Release|Any CPU.Build.0 = Release|Any CPU
	EndGlobalSection
	GlobalSection(SolutionProperties) = preSolution
		HideSolutionNode = FALSE
	EndGlobalSection
	GlobalSection(ExtensibilityGlobals) = postSolution
		SolutionGuid = {A32852EC-C2E5-464B-B034-27C83B1D3237}
	EndGlobalSection
EndGlobal
